
Microsoft Visual Studio Solution File, Format Version 12.00
# Visual Studio Version 16
VisualStudioVersion = 16.0.30523.141
MinimumVisualStudioVersion = 10.0.40219.1
Project("{FAE04EC0-301F-11D3-BF4B-00C04F79EFBC}") = "X.MediaResolver", "X.MediaResolver\X.MediaResolver.csproj", "{470B3086-EB69-47B8-ACF4-731E294B2B5D}"
EndProject
Global
	GlobalSection(SolutionConfigurationPlatforms) = preSolution
		Debug|Any CPU = Debug|Any CPU
		Release|Any CPU = Release|Any CPU
	EndGlobalSection
	GlobalSection(ProjectConfigurationPlatforms) = postSolution
		{470B3086-EB69-47B8-ACF4-731E294B2B5D}.Debug|Any CPU.ActiveCfg = Debug|Any CPU
		{470B3086-EB69-47B8-ACF4-731E294B2B5D}.Debug|Any CPU.Build.0 = Debug|Any CPU
		{470B3086-EB69-47B8-ACF4-731E294B2B5D}.Release|Any CPU.ActiveCfg = Release|Any CPU
		{470B3086-EB69-47B8-ACF4-731E294B2B5D}.Release|Any CPU.Build.0 = Release|Any CPU
	EndGlobalSection
	GlobalSection(SolutionProperties) = preSolution
		HideSolutionNode = FALSE
	EndGlobalSection
	GlobalSection(ExtensibilityGlobals) = postSolution
		SolutionGuid = {8DE9EDDA-7B87-45F8-89CE-F3CE93DB48EF}
	EndGlobalSection
EndGlobal
